
Microsoft Visual Studio Solution File, Format Version 12.00
# Visual Studio Version 17
VisualStudioVersion = 17.11.35303.130
MinimumVisualStudioVersion = 10.0.40219.1
Project("{FAE04EC0-301F-11D3-BF4B-00C04F79EFBC}") = "Entity Framework Core", "Entity Framework Core\Entity Framework Core.csproj", "{31995A15-9523-4A2F-8445-FAE1F63192EA}"
EndProject
Global
	GlobalSection(SolutionConfigurationPlatforms) = preSolution
		Debug|Any CPU = Debug|Any CPU
		Release|Any CPU = Release|Any CPU
	EndGlobalSection
	GlobalSection(ProjectConfigurationPlatforms) = postSolution
		{31995A15-9523-4A2F-8445-FAE1F63192EA}.Debug|Any CPU.ActiveCfg = Debug|Any CPU
		{31995A15-9523-4A2F-8445-FAE1F63192EA}.Debug|Any CPU.Build.0 = Debug|Any CPU
		{31995A15-9523-4A2F-8445-FAE1F63192EA}.Release|Any CPU.ActiveCfg = Release|Any CPU
		{31995A15-9523-4A2F-8445-FAE1F63192EA}.Release|Any CPU.Build.0 = Release|Any CPU
	EndGlobalSection
	GlobalSection(SolutionProperties) = preSolution
		HideSolutionNode = FALSE
	EndGlobalSection
	GlobalSection(ExtensibilityGlobals) = postSolution
		SolutionGuid = {0DF43157-7B7F-4D1A-9C15-1B6D08249AC8}
	EndGlobalSection
EndGlobal
